<?xml version="1.0" encoding="utf-8"?>
<Project ToolsVersion="4.0" xmlns="http://schemas.microsoft.com/developer/msbuild/2003">
  <ItemGroup>
    <ClCompile Include="carros.c" />
    <ClCompile Include="DISTANCIAS.c" />
    <ClCompile Include="main.c" />
    <ClCompile Include="MENU.c" />
    <ClCompile Include="PASSAGEM.c" />
    <ClCompile Include="SENSORES.c" />
    <ClCompile Include="UTEIS.c" />
    <ClCompile Include="donos.c" />
    <ClCompile Include="Stats.c" />
  </ItemGroup>
  <ItemGroup>
    <ClCompile Include="main.c">
      <Filter>Source Files</Filter>
    </ClCompile>
  </ItemGroup>
  <ItemGroup>
    <ClInclude Include="DISTANCIAS.H" />
    <ClInclude Include="MENU.H" />
    <ClInclude Include="PASSAGEM.H" />
    <ClInclude Include="SENSORES.H" />
    <ClInclude Include="UTEIS.H" />
    <ClInclude Include="carros.h" />
    <ClInclude Include="donos.h" />
    <ClInclude Include="Stats.h" />
  </ItemGroup>
  <ItemGroup>
    <Text Include="distancias.txt" />
    <Text Include="donos.txt" />
    <Text Include="passagem.txt" />
    <Text Include="sensores.txt" />
    <Text Include="carros.txt" />
  </ItemGroup>
</Project>